
Microsoft Visual Studio Solution File, Format Version 12.00
# Visual Studio Version 17
VisualStudioVersion = 17.7.34031.279
MinimumVisualStudioVersion = 10.0.40219.1
Project("{9A19103F-16F7-4668-BE54-9A1E7A4F7556}") = "QuickPost", "QuickPost\QuickPost.csproj", "{81CA8C18-1B4F-406D-AB14-ED2843106501}"
EndProject
Project("{9A19103F-16F7-4668-BE54-9A1E7A4F7556}") = "QuickPost.Common", "QuickPost.Common\QuickPost.Common.csproj", "{FFD2AF24-8E72-4474-880D-8096A8509D7F}"
EndProject
Project("{9A19103F-16F7-4668-BE54-9A1E7A4F7556}") = "QuickPost.PInvokes", "QuickPost.pinvokes\QuickPost.PInvokes.csproj", "{8655D46C-9BAD-4CD7-BDC3-8F85807BBC55}"
EndProject
Global
	GlobalSection(SolutionConfigurationPlatforms) = preSolution
		Debug|Any CPU = Debug|Any CPU
		Release|Any CPU = Release|Any CPU
	EndGlobalSection
	GlobalSection(ProjectConfigurationPlatforms) = postSolution
		{81CA8C18-1B4F-406D-AB14-ED2843106501}.Debug|Any CPU.ActiveCfg = Debug|Any CPU
		{81CA8C18-1B4F-406D-AB14-ED2843106501}.Debug|Any CPU.Build.0 = Debug|Any CPU
		{81CA8C18-1B4F-406D-AB14-ED2843106501}.Release|Any CPU.ActiveCfg = Release|Any CPU
		{81CA8C18-1B4F-406D-AB14-ED2843106501}.Release|Any CPU.Build.0 = Release|Any CPU
		{FFD2AF24-8E72-4474-880D-8096A8509D7F}.Debug|Any CPU.ActiveCfg = Debug|Any CPU
		{FFD2AF24-8E72-4474-880D-8096A8509D7F}.Debug|Any CPU.Build.0 = Debug|Any CPU
		{FFD2AF24-8E72-4474-880D-8096A8509D7F}.Release|Any CPU.ActiveCfg = Release|Any CPU
		{FFD2AF24-8E72-4474-880D-8096A8509D7F}.Release|Any CPU.Build.0 = Release|Any CPU
		{8655D46C-9BAD-4CD7-BDC3-8F85807BBC55}.Debug|Any CPU.ActiveCfg = Debug|Any CPU
		{8655D46C-9BAD-4CD7-BDC3-8F85807BBC55}.Debug|Any CPU.Build.0 = Debug|Any CPU
		{8655D46C-9BAD-4CD7-BDC3-8F85807BBC55}.Release|Any CPU.ActiveCfg = Release|Any CPU
		{8655D46C-9BAD-4CD7-BDC3-8F85807BBC55}.Release|Any CPU.Build.0 = Release|Any CPU
	EndGlobalSection
	GlobalSection(SolutionProperties) = preSolution
		HideSolutionNode = FALSE
	EndGlobalSection
	GlobalSection(ExtensibilityGlobals) = postSolution
		SolutionGuid = {A549BA43-EA07-4702-B5BF-965D990F00D7}
	EndGlobalSection
EndGlobal
